
Microsoft Visual Studio Solution File, Format Version 12.00
# Visual Studio Version 16
VisualStudioVersion = 16.0.31410.357
MinimumVisualStudioVersion = 10.0.40219.1
Project("{9A19103F-16F7-4668-BE54-9A1E7A4F7556}") = "UrlShortenerAPI", "UrlShortenerAPI\UrlShortenerAPI.csproj", "{F98B7711-68BE-4805-90A5-6A91E8F173FC}"
EndProject
Project("{FAE04EC0-301F-11D3-BF4B-00C04F79EFBC}") = "UrlShortenerAPI.Tests", "UrlShortenerAPI.Tests\UrlShortenerAPI.Tests.csproj", "{993AB97E-0BFD-43D0-BFE1-6FCDCE435AAD}"
EndProject
Global
	GlobalSection(SolutionConfigurationPlatforms) = preSolution
		Debug|Any CPU = Debug|Any CPU
		Release|Any CPU = Release|Any CPU
	EndGlobalSection
	GlobalSection(ProjectConfigurationPlatforms) = postSolution
		{F98B7711-68BE-4805-90A5-6A91E8F173FC}.Debug|Any CPU.ActiveCfg = Debug|Any CPU
		{F98B7711-68BE-4805-90A5-6A91E8F173FC}.Debug|Any CPU.Build.0 = Debug|Any CPU
		{F98B7711-68BE-4805-90A5-6A91E8F173FC}.Release|Any CPU.ActiveCfg = Release|Any CPU
		{F98B7711-68BE-4805-90A5-6A91E8F173FC}.Release|Any CPU.Build.0 = Release|Any CPU
		{993AB97E-0BFD-43D0-BFE1-6FCDCE435AAD}.Debug|Any CPU.ActiveCfg = Debug|Any CPU
		{993AB97E-0BFD-43D0-BFE1-6FCDCE435AAD}.Debug|Any CPU.Build.0 = Debug|Any CPU
		{993AB97E-0BFD-43D0-BFE1-6FCDCE435AAD}.Release|Any CPU.ActiveCfg = Release|Any CPU
		{993AB97E-0BFD-43D0-BFE1-6FCDCE435AAD}.Release|Any CPU.Build.0 = Release|Any CPU
	EndGlobalSection
	GlobalSection(SolutionProperties) = preSolution
		HideSolutionNode = FALSE
	EndGlobalSection
	GlobalSection(ExtensibilityGlobals) = postSolution
		SolutionGuid = {9D3DB91C-F876-46E2-95E3-280C47C77841}
	EndGlobalSection
EndGlobal
